<?xml version="1.0" encoding="utf-8"?>
<Project ToolsVersion="4.0" xmlns="http://schemas.microsoft.com/developer/msbuild/2003">
  <ItemGroup>
    <Filter Include="Source Files">
      <UniqueIdentifier>{4FC737F1-C7A5-4376-A066-2A32D752A2FF}</UniqueIdentifier>
      <Extensions>cpp;c;cc;cxx;c++;def;odl;idl;hpj;bat;asm;asmx</Extensions>
    </Filter>
    <Filter Include="Header Files">
      <UniqueIdentifier>{93995380-89BD-4b04-88EB-625FBE52EBFB}</UniqueIdentifier>
      <Extensions>h;hh;hpp;hxx;h++;hm;inl;inc;ipp;xsd</Extensions>
    </Filter>
    <Filter Include="Resource Files">
      <UniqueIdentifier>{67DA6AB6-F800-4c08-8B7A-83BB121AAD01}</UniqueIdentifier>
      <Extensions>rc;ico;cur;bmp;dlg;rc2;rct;bin;rgs;gif;jpg;jpeg;jpe;resx;tiff;tif;png;wav;mfcribbon-ms</Extensions>
    </Filter>
    <Filter Include="Source Files\Drivers">
      <UniqueIdentifier>{6eaa01b7-e0c0-41f9-b694-622bcb0140ca}</UniqueIdentifier>
    </Filter>
    <Filter Include="Header Files\Drivers">
      <UniqueIdentifier>{5519a9c2-ca2f-4c27-bcea-3f5717b34c77}</UniqueIdentifier>
    </Filter>
  </ItemGroup>
  <ItemGroup>
    <ClCompile Include="main.cpp">
      <Filter>Source Files</Filter>
    </ClCompile>
    <ClCompile Include="drivers\Card.cpp">
      <Filter>Source Files\Drivers</Filter>
    </ClCompile>
    <ClCompile Include="drivers\FRDM.cpp">
      <Filter>Source Files\Drivers</Filter>
    </ClCompile>
    <ClCompile Include="drivers\placaVerde.cpp">
      <Filter>Source Files\Drivers</Filter>
    </ClCompile>
    <ClCompile Include="fsm.cpp">
      <Filter>Source Files</Filter>
    </ClCompile>
  </ItemGroup>
  <ItemGroup>
    <ClInclude Include="drivers\Card.h">
      <Filter>Header Files\Drivers</Filter>
    </ClInclude>
    <ClInclude Include="drivers\FRDM.h">
      <Filter>Header Files\Drivers</Filter>
    </ClInclude>
    <ClInclude Include="drivers\placaVerde.h">
      <Filter>Header Files\Drivers</Filter>
    </ClInclude>
    <ClInclude Include="fsm.h">
      <Filter>Header Files</Filter>
    </ClInclude>
  </ItemGroup>
</Project>